
Microsoft Visual Studio Solution File, Format Version 12.00
# Visual Studio Version 16
VisualStudioVersion = 16.0.29025.244
MinimumVisualStudioVersion = 10.0.40219.1
Project("{FAE04EC0-301F-11D3-BF4B-00C04F79EFBC}") = "Superhero", "Superhero\Superhero.csproj", "{ECAC5736-6B21-4B83-A189-2E266D45089C}"
EndProject
Global
	GlobalSection(SolutionConfigurationPlatforms) = preSolution
		Debug|Any CPU = Debug|Any CPU
		Release|Any CPU = Release|Any CPU
	EndGlobalSection
	GlobalSection(ProjectConfigurationPlatforms) = postSolution
		{ECAC5736-6B21-4B83-A189-2E266D45089C}.Debug|Any CPU.ActiveCfg = Debug|Any CPU
		{ECAC5736-6B21-4B83-A189-2E266D45089C}.Debug|Any CPU.Build.0 = Debug|Any CPU
		{ECAC5736-6B21-4B83-A189-2E266D45089C}.Release|Any CPU.ActiveCfg = Release|Any CPU
		{ECAC5736-6B21-4B83-A189-2E266D45089C}.Release|Any CPU.Build.0 = Release|Any CPU
	EndGlobalSection
	GlobalSection(SolutionProperties) = preSolution
		HideSolutionNode = FALSE
	EndGlobalSection
	GlobalSection(ExtensibilityGlobals) = postSolution
		SolutionGuid = {ECB1EDE9-0DEE-4FD0-B200-DC67D7552899}
	EndGlobalSection
EndGlobal
